
Microsoft Visual Studio Solution File, Format Version 12.00
# Visual Studio Version 16
VisualStudioVersion = 16.0.31911.196
MinimumVisualStudioVersion = 10.0.40219.1
Project("{FAE04EC0-301F-11D3-BF4B-00C04F79EFBC}") = "SalesWebMvc", "SalesWebMvc\SalesWebMvc.csproj", "{09625C59-6B05-4C19-8655-AC4E9B6BD590}"
EndProject
Global
	GlobalSection(SolutionConfigurationPlatforms) = preSolution
		Debug|Any CPU = Debug|Any CPU
		Release|Any CPU = Release|Any CPU
	EndGlobalSection
	GlobalSection(ProjectConfigurationPlatforms) = postSolution
		{09625C59-6B05-4C19-8655-AC4E9B6BD590}.Debug|Any CPU.ActiveCfg = Debug|Any CPU
		{09625C59-6B05-4C19-8655-AC4E9B6BD590}.Debug|Any CPU.Build.0 = Debug|Any CPU
		{09625C59-6B05-4C19-8655-AC4E9B6BD590}.Release|Any CPU.ActiveCfg = Release|Any CPU
		{09625C59-6B05-4C19-8655-AC4E9B6BD590}.Release|Any CPU.Build.0 = Release|Any CPU
	EndGlobalSection
	GlobalSection(SolutionProperties) = preSolution
		HideSolutionNode = FALSE
	EndGlobalSection
	GlobalSection(ExtensibilityGlobals) = postSolution
		SolutionGuid = {C0B20682-F614-442B-9DAA-EF132467AE60}
	EndGlobalSection
EndGlobal
